
Microsoft Visual Studio Solution File, Format Version 12.00
# Visual Studio 15
VisualStudioVersion = 15.0.28307.757
MinimumVisualStudioVersion = 10.0.40219.1
Project("{8BC9CEB8-8B4A-11D0-8D11-00A0C91BC942}") = "Project1", "Project1\Project1.vcxproj", "{946D6BF2-2697-4387-BA5A-8CF73027128B}"
EndProject
Project("{8BC9CEB8-8B4A-11D0-8D11-00A0C91BC942}") = "Lab1", "Lab1\Lab1.vcxproj", "{3BF72159-37CC-4584-8845-D16A26A82C48}"
EndProject
Project("{8BC9CEB8-8B4A-11D0-8D11-00A0C91BC942}") = "Lab2", "Lab2\Lab2.vcxproj", "{C6033476-DCB5-4A02-A08A-6E80255D69DB}"
EndProject
Global
	GlobalSection(SolutionConfigurationPlatforms) = preSolution
		Debug|x64 = Debug|x64
		Debug|x86 = Debug|x86
		Release|x64 = Release|x64
		Release|x86 = Release|x86
	EndGlobalSection
	GlobalSection(ProjectConfigurationPlatforms) = postSolution
		{946D6BF2-2697-4387-BA5A-8CF73027128B}.Debug|x64.ActiveCfg = Debug|x64
		{946D6BF2-2697-4387-BA5A-8CF73027128B}.Debug|x64.Build.0 = Debug|x64
		{946D6BF2-2697-4387-BA5A-8CF73027128B}.Debug|x86.ActiveCfg = Debug|Win32
		{946D6BF2-2697-4387-BA5A-8CF73027128B}.Debug|x86.Build.0 = Debug|Win32
		{946D6BF2-2697-4387-BA5A-8CF73027128B}.Release|x64.ActiveCfg = Release|x64
		{946D6BF2-2697-4387-BA5A-8CF73027128B}.Release|x64.Build.0 = Release|x64
		{946D6BF2-2697-4387-BA5A-8CF73027128B}.Release|x86.ActiveCfg = Release|Win32
		{946D6BF2-2697-4387-BA5A-8CF73027128B}.Release|x86.Build.0 = Release|Win32
		{3BF72159-37CC-4584-8845-D16A26A82C48}.Debug|x64.ActiveCfg = Debug|x64
		{3BF72159-37CC-4584-8845-D16A26A82C48}.Debug|x64.Build.0 = Debug|x64
		{3BF72159-37CC-4584-8845-D16A26A82C48}.Debug|x86.ActiveCfg = Debug|Win32
		{3BF72159-37CC-4584-8845-D16A26A82C48}.Debug|x86.Build.0 = Debug|Win32
		{3BF72159-37CC-4584-8845-D16A26A82C48}.Release|x64.ActiveCfg = Release|x64
		{3BF72159-37CC-4584-8845-D16A26A82C48}.Release|x64.Build.0 = Release|x64
		{3BF72159-37CC-4584-8845-D16A26A82C48}.Release|x86.ActiveCfg = Release|Win32
		{3BF72159-37CC-4584-8845-D16A26A82C48}.Release|x86.Build.0 = Release|Win32
		{C6033476-DCB5-4A02-A08A-6E80255D69DB}.Debug|x64.ActiveCfg = Debug|x64
		{C6033476-DCB5-4A02-A08A-6E80255D69DB}.Debug|x64.Build.0 = Debug|x64
		{C6033476-DCB5-4A02-A08A-6E80255D69DB}.Debug|x86.ActiveCfg = Debug|Win32
		{C6033476-DCB5-4A02-A08A-6E80255D69DB}.Debug|x86.Build.0 = Debug|Win32
		{C6033476-DCB5-4A02-A08A-6E80255D69DB}.Release|x64.ActiveCfg = Release|x64
		{C6033476-DCB5-4A02-A08A-6E80255D69DB}.Release|x64.Build.0 = Release|x64
		{C6033476-DCB5-4A02-A08A-6E80255D69DB}.Release|x86.ActiveCfg = Release|Win32
		{C6033476-DCB5-4A02-A08A-6E80255D69DB}.Release|x86.Build.0 = Release|Win32
	EndGlobalSection
	GlobalSection(SolutionProperties) = preSolution
		HideSolutionNode = FALSE
	EndGlobalSection
	GlobalSection(ExtensibilityGlobals) = postSolution
		SolutionGuid = {095F2C02-8D13-4BAA-8F73-A00D0F2260B4}
	EndGlobalSection
EndGlobal
